
Microsoft Visual Studio Solution File, Format Version 12.00
# Visual Studio Version 17
VisualStudioVersion = 17.2.32602.215
MinimumVisualStudioVersion = 10.0.40219.1
Project("{FAE04EC0-301F-11D3-BF4B-00C04F79EFBC}") = "Lab_1_22_06", "Lab_1_22_06\Lab_1_22_06.csproj", "{CAD2479C-1AA0-4BBA-BEB2-29AC1732FF82}"
EndProject
Global
	GlobalSection(SolutionConfigurationPlatforms) = preSolution
		Debug|Any CPU = Debug|Any CPU
		Release|Any CPU = Release|Any CPU
	EndGlobalSection
	GlobalSection(ProjectConfigurationPlatforms) = postSolution
		{CAD2479C-1AA0-4BBA-BEB2-29AC1732FF82}.Debug|Any CPU.ActiveCfg = Debug|Any CPU
		{CAD2479C-1AA0-4BBA-BEB2-29AC1732FF82}.Debug|Any CPU.Build.0 = Debug|Any CPU
		{CAD2479C-1AA0-4BBA-BEB2-29AC1732FF82}.Release|Any CPU.ActiveCfg = Release|Any CPU
		{CAD2479C-1AA0-4BBA-BEB2-29AC1732FF82}.Release|Any CPU.Build.0 = Release|Any CPU
	EndGlobalSection
	GlobalSection(SolutionProperties) = preSolution
		HideSolutionNode = FALSE
	EndGlobalSection
	GlobalSection(ExtensibilityGlobals) = postSolution
		SolutionGuid = {7C63A969-0A35-456D-BA2A-5A2BE8628849}
	EndGlobalSection
EndGlobal
